%{
  "circuits_i2c": {:hex, :circuits_i2c, "0.3.6", "348b8de3cf1ade6c4b92ad7c9de7068df1af0d441df341d7d126d53671924f64", [:make, :mix], [{:elixir_make, "~> 0.6", [hex: :elixir_make, repo: "hexpm", optional: false]}], "hexpm", "da5b2814e429021f22252867a3fa48d77d7fcabeb3ff8a6c40d549227749b6a7"},
  "elixir_ale": {:hex, :elixir_ale, "1.2.1", "07ac2f17a0191b8bd3b0df6b526c7f699a3a4d690c9def573fcb5824eef24d98", [:make, :mix], [{:elixir_make, "~> 0.4", [hex: :elixir_make, repo: "hexpm", optional: false]}], "hexpm", "bfb099137500a3b8c4a1750cf07f2d704897ef9feac3412064bf9edc7d74193c"},
  "elixir_make": {:hex, :elixir_make, "0.6.0", "38349f3e29aff4864352084fc736fa7fa0f2995a819a737554f7ebd28b85aaab", [:mix], [], "hexpm", "d522695b93b7f0b4c0fcb2dfe73a6b905b1c301226a5a55cb42e5b14d509e050"},
  "grovepi": {:git, "https://github.com/suranyami/grovepi.git", "5d18b8abcb08217dad8dae4dcd7fe4dbe5adc888", [branch: "hdc1080"]},
}
