%{
  "elixir_ale": {:hex, :elixir_ale, "1.2.1", "07ac2f17a0191b8bd3b0df6b526c7f699a3a4d690c9def573fcb5824eef24d98", [:make, :mix], [{:elixir_make, "~> 0.4", [hex: :elixir_make, repo: "hexpm", optional: false]}], "hexpm", "bfb099137500a3b8c4a1750cf07f2d704897ef9feac3412064bf9edc7d74193c"},
  "elixir_make": {:hex, :elixir_make, "0.6.0", "38349f3e29aff4864352084fc736fa7fa0f2995a819a737554f7ebd28b85aaab", [:mix], [], "hexpm", "d522695b93b7f0b4c0fcb2dfe73a6b905b1c301226a5a55cb42e5b14d509e050"},
  "grovepi": {:hex, :grovepi, "0.5.1", "106002fe92fcdd5a4e1fd5c107cebab64d71946957a399ae2df298dfc03f846e", [:mix], [{:elixir_ale, "~> 1.0", [hex: :elixir_ale, repo: "hexpm", optional: false]}], "hexpm", "1854cf3f90d901da9ee9e8f259e968fb8d7041eccc40c789d06aedcc5915422e"},
}
